
Microsoft Visual Studio Solution File, Format Version 12.00
# Visual Studio 14
VisualStudioVersion = 14.0.25420.1
MinimumVisualStudioVersion = 10.0.40219.1
Project("{FAE04EC0-301F-11D3-BF4B-00C04F79EFBC}") = "ValkyrieTest", "ValkyrieTest.csproj", "{8586255D-673F-45E8-96E1-82E9E735952B}"
EndProject
Project("{FAE04EC0-301F-11D3-BF4B-00C04F79EFBC}") = "Valkyrie", "..\Valkyrie\Valkyrie.csproj", "{CE7EABDD-FF1E-62ED-CE2F-496E80FDA223}"
EndProject
Global
	GlobalSection(SolutionConfigurationPlatforms) = preSolution
		Debug|Any CPU = Debug|Any CPU
		Release|Any CPU = Release|Any CPU
	EndGlobalSection
	GlobalSection(ProjectConfigurationPlatforms) = postSolution
		{8586255D-673F-45E8-96E1-82E9E735952B}.Debug|Any CPU.ActiveCfg = Debug|Any CPU
		{8586255D-673F-45E8-96E1-82E9E735952B}.Debug|Any CPU.Build.0 = Debug|Any CPU
		{8586255D-673F-45E8-96E1-82E9E735952B}.Release|Any CPU.ActiveCfg = Release|Any CPU
		{8586255D-673F-45E8-96E1-82E9E735952B}.Release|Any CPU.Build.0 = Release|Any CPU
		{CE7EABDD-FF1E-62ED-CE2F-496E80FDA223}.Debug|Any CPU.ActiveCfg = Debug|Any CPU
		{CE7EABDD-FF1E-62ED-CE2F-496E80FDA223}.Debug|Any CPU.Build.0 = Debug|Any CPU
		{CE7EABDD-FF1E-62ED-CE2F-496E80FDA223}.Release|Any CPU.ActiveCfg = Release|Any CPU
		{CE7EABDD-FF1E-62ED-CE2F-496E80FDA223}.Release|Any CPU.Build.0 = Release|Any CPU
	EndGlobalSection
	GlobalSection(SolutionProperties) = preSolution
		HideSolutionNode = FALSE
	EndGlobalSection
EndGlobal
